
Microsoft Visual Studio Solution File, Format Version 12.00
# Visual Studio 14
VisualStudioVersion = 14.0.25420.1
MinimumVisualStudioVersion = 10.0.40219.1
Project("{2150E333-8FDC-42A3-9474-1A3956D46DE8}") = "cluster", "cluster", "{2FA1A6EC-9A42-4F81-8832-B9CB4BA1861A}"
EndProject
Project("{2150E333-8FDC-42A3-9474-1A3956D46DE8}") = "monolithic", "monolithic", "{2936A1CD-5F9A-4963-814A-9470C3DF0335}"
EndProject
Project("{8BB2217D-0F2D-49D1-97BC-3654ED321F3B}") = "HF.Samples.Console", "cluster\HF.Samples.Console\HF.Samples.Console.xproj", "{2CCD7AC7-6FB2-4C77-9F9F-68D1CA5628CC}"
EndProject
Project("{8BB2217D-0F2D-49D1-97BC-3654ED321F3B}") = "HF.Samples.Consumer", "cluster\HF.Samples.Consumer\HF.Samples.Consumer.xproj", "{D2F724B3-C356-4600-8BA5-7F956E5690D6}"
EndProject
Project("{8BB2217D-0F2D-49D1-97BC-3654ED321F3B}") = "HF.Samples.ServerNode", "cluster\HF.Samples.ServerNode\HF.Samples.ServerNode.xproj", "{CA93810F-5D7F-441F-94C9-BE1534781C25}"
EndProject
Project("{8BB2217D-0F2D-49D1-97BC-3654ED321F3B}") = "HF.Samples.APIs", "cluster\HF.Samples.APIs\HF.Samples.APIs.xproj", "{5D053F0C-08BC-4095-84CA-9DF2F4AD142E}"
EndProject
Project("{8BB2217D-0F2D-49D1-97BC-3654ED321F3B}") = "HF.Samples.OrderService", "cluster\HF.Samples.OrderService\HF.Samples.OrderService.xproj", "{500DC4E3-BE15-4B1B-B3EE-82E402D395C3}"
EndProject
Project("{8BB2217D-0F2D-49D1-97BC-3654ED321F3B}") = "HF.Samples.StorageService", "cluster\HF.Samples.StorageService\HF.Samples.StorageService.xproj", "{F7B7EC48-AC2E-4739-B423-C395C9B69DB8}"
EndProject
Project("{2150E333-8FDC-42A3-9474-1A3956D46DE8}") = "BizServices", "BizServices", "{88F25016-C20E-4E4C-B655-B0A1D62E5234}"
EndProject
Project("{2150E333-8FDC-42A3-9474-1A3956D46DE8}") = "Infrastructure", "Infrastructure", "{173B08DF-358C-4F4C-B259-A8A875C106AE}"
EndProject
Project("{8BB2217D-0F2D-49D1-97BC-3654ED321F3B}") = "HF.Samples.GoodsService", "cluster\HF.Samples.GoodsService\HF.Samples.GoodsService.xproj", "{611E917B-FBBB-4CB2-9464-E568F4272F90}"
EndProject
Project("{8BB2217D-0F2D-49D1-97BC-3654ED321F3B}") = "HangFire.Autofac", "Hangfire.Autofac\HangFire.Autofac\HangFire.Autofac.xproj", "{E187DFD9-90BC-4753-93BE-C1B018E06B67}"
EndProject
Project("{2150E333-8FDC-42A3-9474-1A3956D46DE8}") = "Solution Items", "Solution Items", "{1152976E-0CB3-4A59-BE15-0E0F7142E11B}"
	ProjectSection(SolutionItems) = preProject
		appveyor.yml = appveyor.yml
		global.json = global.json
		README.md = README.md
		test.bat = test.bat
	EndProjectSection
EndProject
Project("{8BB2217D-0F2D-49D1-97BC-3654ED321F3B}") = "Hangfire.Samples.Framework", "Hangfire.Samples.Framework\Hangfire.Samples.Framework.xproj", "{14663383-706C-4042-A263-9F03C066A9BB}"
EndProject
Project("{8BB2217D-0F2D-49D1-97BC-3654ED321F3B}") = "Hangfire.RecurringJobExtensions", "Hangfire.RecurringJobExtensions\src\Hangfire.RecurringJobExtensions\Hangfire.RecurringJobExtensions.xproj", "{D75DFE5D-38CF-4150-8264-EB22E579237D}"
EndProject
Project("{8BB2217D-0F2D-49D1-97BC-3654ED321F3B}") = "Hangfire.Topshelf", "Hangfire.Topshelf\Hangfire.Topshelf.xproj", "{C705ADF6-A43A-4687-817C-3A2926AB6746}"
EndProject
Global
	GlobalSection(SolutionConfigurationPlatforms) = preSolution
		Debug|Any CPU = Debug|Any CPU
		Release|Any CPU = Release|Any CPU
	EndGlobalSection
	GlobalSection(ProjectConfigurationPlatforms) = postSolution
		{2CCD7AC7-6FB2-4C77-9F9F-68D1CA5628CC}.Debug|Any CPU.ActiveCfg = Debug|Any CPU
		{2CCD7AC7-6FB2-4C77-9F9F-68D1CA5628CC}.Debug|Any CPU.Build.0 = Debug|Any CPU
		{2CCD7AC7-6FB2-4C77-9F9F-68D1CA5628CC}.Release|Any CPU.ActiveCfg = Release|Any CPU
		{2CCD7AC7-6FB2-4C77-9F9F-68D1CA5628CC}.Release|Any CPU.Build.0 = Release|Any CPU
		{D2F724B3-C356-4600-8BA5-7F956E5690D6}.Debug|Any CPU.ActiveCfg = Debug|Any CPU
		{D2F724B3-C356-4600-8BA5-7F956E5690D6}.Debug|Any CPU.Build.0 = Debug|Any CPU
		{D2F724B3-C356-4600-8BA5-7F956E5690D6}.Release|Any CPU.ActiveCfg = Release|Any CPU
		{D2F724B3-C356-4600-8BA5-7F956E5690D6}.Release|Any CPU.Build.0 = Release|Any CPU
		{CA93810F-5D7F-441F-94C9-BE1534781C25}.Debug|Any CPU.ActiveCfg = Debug|Any CPU
		{CA93810F-5D7F-441F-94C9-BE1534781C25}.Debug|Any CPU.Build.0 = Debug|Any CPU
		{CA93810F-5D7F-441F-94C9-BE1534781C25}.Release|Any CPU.ActiveCfg = Release|Any CPU
		{CA93810F-5D7F-441F-94C9-BE1534781C25}.Release|Any CPU.Build.0 = Release|Any CPU
		{5D053F0C-08BC-4095-84CA-9DF2F4AD142E}.Debug|Any CPU.ActiveCfg = Debug|Any CPU
		{5D053F0C-08BC-4095-84CA-9DF2F4AD142E}.Debug|Any CPU.Build.0 = Debug|Any CPU
		{5D053F0C-08BC-4095-84CA-9DF2F4AD142E}.Release|Any CPU.ActiveCfg = Release|Any CPU
		{5D053F0C-08BC-4095-84CA-9DF2F4AD142E}.Release|Any CPU.Build.0 = Release|Any CPU
		{500DC4E3-BE15-4B1B-B3EE-82E402D395C3}.Debug|Any CPU.ActiveCfg = Debug|Any CPU
		{500DC4E3-BE15-4B1B-B3EE-82E402D395C3}.Debug|Any CPU.Build.0 = Debug|Any CPU
		{500DC4E3-BE15-4B1B-B3EE-82E402D395C3}.Release|Any CPU.ActiveCfg = Release|Any CPU
		{500DC4E3-BE15-4B1B-B3EE-82E402D395C3}.Release|Any CPU.Build.0 = Release|Any CPU
		{F7B7EC48-AC2E-4739-B423-C395C9B69DB8}.Debug|Any CPU.ActiveCfg = Debug|Any CPU
		{F7B7EC48-AC2E-4739-B423-C395C9B69DB8}.Debug|Any CPU.Build.0 = Debug|Any CPU
		{F7B7EC48-AC2E-4739-B423-C395C9B69DB8}.Release|Any CPU.ActiveCfg = Release|Any CPU
		{F7B7EC48-AC2E-4739-B423-C395C9B69DB8}.Release|Any CPU.Build.0 = Release|Any CPU
		{611E917B-FBBB-4CB2-9464-E568F4272F90}.Debug|Any CPU.ActiveCfg = Debug|Any CPU
		{611E917B-FBBB-4CB2-9464-E568F4272F90}.Debug|Any CPU.Build.0 = Debug|Any CPU
		{611E917B-FBBB-4CB2-9464-E568F4272F90}.Release|Any CPU.ActiveCfg = Release|Any CPU
		{611E917B-FBBB-4CB2-9464-E568F4272F90}.Release|Any CPU.Build.0 = Release|Any CPU
		{E187DFD9-90BC-4753-93BE-C1B018E06B67}.Debug|Any CPU.ActiveCfg = Debug|Any CPU
		{E187DFD9-90BC-4753-93BE-C1B018E06B67}.Debug|Any CPU.Build.0 = Debug|Any CPU
		{E187DFD9-90BC-4753-93BE-C1B018E06B67}.Release|Any CPU.ActiveCfg = Release|Any CPU
		{E187DFD9-90BC-4753-93BE-C1B018E06B67}.Release|Any CPU.Build.0 = Release|Any CPU
		{14663383-706C-4042-A263-9F03C066A9BB}.Debug|Any CPU.ActiveCfg = Debug|Any CPU
		{14663383-706C-4042-A263-9F03C066A9BB}.Debug|Any CPU.Build.0 = Debug|Any CPU
		{14663383-706C-4042-A263-9F03C066A9BB}.Release|Any CPU.ActiveCfg = Release|Any CPU
		{14663383-706C-4042-A263-9F03C066A9BB}.Release|Any CPU.Build.0 = Release|Any CPU
		{D75DFE5D-38CF-4150-8264-EB22E579237D}.Debug|Any CPU.ActiveCfg = Debug|Any CPU
		{D75DFE5D-38CF-4150-8264-EB22E579237D}.Debug|Any CPU.Build.0 = Debug|Any CPU
		{D75DFE5D-38CF-4150-8264-EB22E579237D}.Release|Any CPU.ActiveCfg = Release|Any CPU
		{D75DFE5D-38CF-4150-8264-EB22E579237D}.Release|Any CPU.Build.0 = Release|Any CPU
		{C705ADF6-A43A-4687-817C-3A2926AB6746}.Debug|Any CPU.ActiveCfg = Debug|Any CPU
		{C705ADF6-A43A-4687-817C-3A2926AB6746}.Debug|Any CPU.Build.0 = Debug|Any CPU
		{C705ADF6-A43A-4687-817C-3A2926AB6746}.Release|Any CPU.ActiveCfg = Release|Any CPU
		{C705ADF6-A43A-4687-817C-3A2926AB6746}.Release|Any CPU.Build.0 = Release|Any CPU
	EndGlobalSection
	GlobalSection(SolutionProperties) = preSolution
		HideSolutionNode = FALSE
	EndGlobalSection
	GlobalSection(NestedProjects) = preSolution
		{2CCD7AC7-6FB2-4C77-9F9F-68D1CA5628CC} = {2FA1A6EC-9A42-4F81-8832-B9CB4BA1861A}
		{D2F724B3-C356-4600-8BA5-7F956E5690D6} = {2FA1A6EC-9A42-4F81-8832-B9CB4BA1861A}
		{CA93810F-5D7F-441F-94C9-BE1534781C25} = {2FA1A6EC-9A42-4F81-8832-B9CB4BA1861A}
		{5D053F0C-08BC-4095-84CA-9DF2F4AD142E} = {2FA1A6EC-9A42-4F81-8832-B9CB4BA1861A}
		{500DC4E3-BE15-4B1B-B3EE-82E402D395C3} = {88F25016-C20E-4E4C-B655-B0A1D62E5234}
		{F7B7EC48-AC2E-4739-B423-C395C9B69DB8} = {88F25016-C20E-4E4C-B655-B0A1D62E5234}
		{88F25016-C20E-4E4C-B655-B0A1D62E5234} = {2FA1A6EC-9A42-4F81-8832-B9CB4BA1861A}
		{611E917B-FBBB-4CB2-9464-E568F4272F90} = {88F25016-C20E-4E4C-B655-B0A1D62E5234}
		{E187DFD9-90BC-4753-93BE-C1B018E06B67} = {173B08DF-358C-4F4C-B259-A8A875C106AE}
		{14663383-706C-4042-A263-9F03C066A9BB} = {173B08DF-358C-4F4C-B259-A8A875C106AE}
		{D75DFE5D-38CF-4150-8264-EB22E579237D} = {173B08DF-358C-4F4C-B259-A8A875C106AE}
		{C705ADF6-A43A-4687-817C-3A2926AB6746} = {2936A1CD-5F9A-4963-814A-9470C3DF0335}
	EndGlobalSection
EndGlobal
